// !$*UTF8*$!
{
	archiveVersion = 1;
	classes = {
	};
	objectVersion = 50;
	objects = {

/* Begin PBXBuildFile section */
		04B0D47DE8A67DB1C3C75A25 /* libPods-Runtime的使用Tests.a in Frameworks */ = {isa = PBXBuildFile; fileRef = 1034C5D62FE6AEDBD896D437 /* libPods-Runtime的使用Tests.a */; };
		3E340F88766E7F596C29B979 /* libPods-Runtime的使用UITests.a in Frameworks */ = {isa = PBXBuildFile; fileRef = 49E2E01FB1BC396B8454ED18 /* libPods-Runtime的使用UITests.a */; };
		41BCA8D721E433E400F7FC7B /* AppDelegate.m in Sources */ = {isa = PBXBuildFile; fileRef = 41BCA8D621E433E400F7FC7B /* AppDelegate.m */; };
		41BCA8DA21E433E400F7FC7B /* ViewController.m in Sources */ = {isa = PBXBuildFile; fileRef = 41BCA8D921E433E400F7FC7B /* ViewController.m */; };
		41BCA8DD21E433E400F7FC7B /* Main.storyboard in Resources */ = {isa = PBXBuildFile; fileRef = 41BCA8DB21E433E400F7FC7B /* Main.storyboard */; };
		41BCA8DF21E433E600F7FC7B /* Assets.xcassets in Resources */ = {isa = PBXBuildFile; fileRef = 41BCA8DE21E433E600F7FC7B /* Assets.xcassets */; };
		41BCA8E221E433E600F7FC7B /* LaunchScreen.storyboard in Resources */ = {isa = PBXBuildFile; fileRef = 41BCA8E021E433E600F7FC7B /* LaunchScreen.storyboard */; };
		41BCA8E521E433E600F7FC7B /* main.m in Sources */ = {isa = PBXBuildFile; fileRef = 41BCA8E421E433E600F7FC7B /* main.m */; };
		41BCA8EF21E433E600F7FC7B /* Runtime___Tests.m in Sources */ = {isa = PBXBuildFile; fileRef = 41BCA8EE21E433E600F7FC7B /* Runtime___Tests.m */; };
		41BCA8FA21E433E600F7FC7B /* Runtime___UITests.m in Sources */ = {isa = PBXBuildFile; fileRef = 41BCA8F921E433E600F7FC7B /* Runtime___UITests.m */; };
		41BCA90D21E4351100F7FC7B /* Person.m in Sources */ = {isa = PBXBuildFile; fileRef = 41BCA90C21E4351100F7FC7B /* Person.m */; };
		41BCA91021E438CC00F7FC7B /* RTFristViewController.m in Sources */ = {isa = PBXBuildFile; fileRef = 41BCA90F21E438CC00F7FC7B /* RTFristViewController.m */; };
		41BCA91321E438D800F7FC7B /* RTSecondViewController.m in Sources */ = {isa = PBXBuildFile; fileRef = 41BCA91221E438D800F7FC7B /* RTSecondViewController.m */; };
		41BCA91621E438E600F7FC7B /* RTThirdViewController.m in Sources */ = {isa = PBXBuildFile; fileRef = 41BCA91521E438E600F7FC7B /* RTThirdViewController.m */; };
		41BCA91921E4391700F7FC7B /* RTFourthViewController.m in Sources */ = {isa = PBXBuildFile; fileRef = 41BCA91821E4391700F7FC7B /* RTFourthViewController.m */; };
		41BCA91C21E4392A00F7FC7B /* RTFifthViewController.m in Sources */ = {isa = PBXBuildFile; fileRef = 41BCA91B21E4392A00F7FC7B /* RTFifthViewController.m */; };
		41BCA91F21E4393A00F7FC7B /* RTSixthViewController.m in Sources */ = {isa = PBXBuildFile; fileRef = 41BCA91E21E4393A00F7FC7B /* RTSixthViewController.m */; };
		41BCA92221E4394900F7FC7B /* RTSeventhViewController.m in Sources */ = {isa = PBXBuildFile; fileRef = 41BCA92121E4394900F7FC7B /* RTSeventhViewController.m */; };
		41BCA92C21E43C8300F7FC7B /* Person+AddProperty.m in Sources */ = {isa = PBXBuildFile; fileRef = 41BCA92B21E43C8300F7FC7B /* Person+AddProperty.m */; };
		41BCA92F21E43C9A00F7FC7B /* UIButton+NSLog.m in Sources */ = {isa = PBXBuildFile; fileRef = 41BCA92E21E43C9A00F7FC7B /* UIButton+NSLog.m */; };
		41BCA93221E43CBA00F7FC7B /* UIViewController+NSLog.m in Sources */ = {isa = PBXBuildFile; fileRef = 41BCA93121E43CBA00F7FC7B /* UIViewController+NSLog.m */; };
		41BCA93F21E477F000F7FC7B /* RootModel.m in Sources */ = {isa = PBXBuildFile; fileRef = 41BCA93E21E477F000F7FC7B /* RootModel.m */; };
		41BCA94221E4786100F7FC7B /* Book.m in Sources */ = {isa = PBXBuildFile; fileRef = 41BCA94121E4786100F7FC7B /* Book.m */; };
		41BCA94521E4786C00F7FC7B /* Author.m in Sources */ = {isa = PBXBuildFile; fileRef = 41BCA94421E4786C00F7FC7B /* Author.m */; };
		41BCA95021E47AB600F7FC7B /* Json in Resources */ = {isa = PBXBuildFile; fileRef = 41BCA94F21E47AB600F7FC7B /* Json */; };
		41BCA95621E48E6300F7FC7B /* RTCrashHelper.m in Sources */ = {isa = PBXBuildFile; fileRef = 41BCA95521E48E6300F7FC7B /* RTCrashHelper.m */; };
		41BCA96C21E5E61E00F7FC7B /* NSObject+CrashHandle.m in Sources */ = {isa = PBXBuildFile; fileRef = 41BCA96B21E5E61E00F7FC7B /* NSObject+CrashHandle.m */; };
		41BCA97721E7665700F7FC7B /* UIButton+Test.m in Sources */ = {isa = PBXBuildFile; fileRef = 41BCA97621E7665700F7FC7B /* UIButton+Test.m */; };
		87DA9CE71BAD6F7B8274E6E0 /* libPods-Runtime的使用.a in Frameworks */ = {isa = PBXBuildFile; fileRef = B42F7B9971FD6711DFF04DAD /* libPods-Runtime的使用.a */; };
/* End PBXBuildFile section */

/* Begin PBXContainerItemProxy section */
		41BCA8EB21E433E600F7FC7B /* PBXContainerItemProxy */ = {
			isa = PBXContainerItemProxy;
			containerPortal = 41BCA8CA21E433E400F7FC7B /* Project object */;
			proxyType = 1;
			remoteGlobalIDString = 41BCA8D121E433E400F7FC7B;
			remoteInfo = "Runtime的使用";
		};
		41BCA8F621E433E600F7FC7B /* PBXContainerItemProxy */ = {
			isa = PBXContainerItemProxy;
			containerPortal = 41BCA8CA21E433E400F7FC7B /* Project object */;
			proxyType = 1;
			remoteGlobalIDString = 41BCA8D121E433E400F7FC7B;
			remoteInfo = "Runtime的使用";
		};
/* End PBXContainerItemProxy section */

/* Begin PBXFileReference section */
		1034C5D62FE6AEDBD896D437 /* libPods-Runtime的使用Tests.a */ = {isa = PBXFileReference; explicitFileType = archive.ar; includeInIndex = 0; path = "libPods-Runtime的使用Tests.a"; sourceTree = BUILT_PRODUCTS_DIR; };
		20D9BB03B4681E0658F8D476 /* Pods-Runtime的使用Tests.debug.xcconfig */ = {isa = PBXFileReference; includeInIndex = 1; lastKnownFileType = text.xcconfig; name = "Pods-Runtime的使用Tests.debug.xcconfig"; path = "Pods/Target Support Files/Pods-Runtime的使用Tests/Pods-Runtime的使用Tests.debug.xcconfig"; sourceTree = "<group>"; };
		24AE752EE5A30B53EFE2AE26 /* Pods-Runtime的使用UITests.release.xcconfig */ = {isa = PBXFileReference; includeInIndex = 1; lastKnownFileType = text.xcconfig; name = "Pods-Runtime的使用UITests.release.xcconfig"; path = "Pods/Target Support Files/Pods-Runtime的使用UITests/Pods-Runtime的使用UITests.release.xcconfig"; sourceTree = "<group>"; };
		362E704A3A528C13F1C80B06 /* Pods-Runtime的使用UITests.debug.xcconfig */ = {isa = PBXFileReference; includeInIndex = 1; lastKnownFileType = text.xcconfig; name = "Pods-Runtime的使用UITests.debug.xcconfig"; path = "Pods/Target Support Files/Pods-Runtime的使用UITests/Pods-Runtime的使用UITests.debug.xcconfig"; sourceTree = "<group>"; };
		41BCA8D221E433E400F7FC7B /* Runtime的使用.app */ = {isa = PBXFileReference; explicitFileType = wrapper.application; includeInIndex = 0; path = "Runtime的使用.app"; sourceTree = BUILT_PRODUCTS_DIR; };
		41BCA8D521E433E400F7FC7B /* AppDelegate.h */ = {isa = PBXFileReference; lastKnownFileType = sourcecode.c.h; path = AppDelegate.h; sourceTree = "<group>"; };
		41BCA8D621E433E400F7FC7B /* AppDelegate.m */ = {isa = PBXFileReference; lastKnownFileType = sourcecode.c.objc; path = AppDelegate.m; sourceTree = "<group>"; };
		41BCA8D821E433E400F7FC7B /* ViewController.h */ = {isa = PBXFileReference; lastKnownFileType = sourcecode.c.h; path = ViewController.h; sourceTree = "<group>"; };
		41BCA8D921E433E400F7FC7B /* ViewController.m */ = {isa = PBXFileReference; lastKnownFileType = sourcecode.c.objc; path = ViewController.m; sourceTree = "<group>"; };
		41BCA8DC21E433E400F7FC7B /* Base */ = {isa = PBXFileReference; lastKnownFileType = file.storyboard; name = Base; path = Base.lproj/Main.storyboard; sourceTree = "<group>"; };
		41BCA8DE21E433E600F7FC7B /* Assets.xcassets */ = {isa = PBXFileReference; lastKnownFileType = folder.assetcatalog; path = Assets.xcassets; sourceTree = "<group>"; };
		41BCA8E121E433E600F7FC7B /* Base */ = {isa = PBXFileReference; lastKnownFileType = file.storyboard; name = Base; path = Base.lproj/LaunchScreen.storyboard; sourceTree = "<group>"; };
		41BCA8E321E433E600F7FC7B /* Info.plist */ = {isa = PBXFileReference; lastKnownFileType = text.plist.xml; path = Info.plist; sourceTree = "<group>"; };
		41BCA8E421E433E600F7FC7B /* main.m */ = {isa = PBXFileReference; lastKnownFileType = sourcecode.c.objc; path = main.m; sourceTree = "<group>"; };
		41BCA8EA21E433E600F7FC7B /* Runtime的使用Tests.xctest */ = {isa = PBXFileReference; explicitFileType = wrapper.cfbundle; includeInIndex = 0; path = "Runtime的使用Tests.xctest"; sourceTree = BUILT_PRODUCTS_DIR; };
		41BCA8EE21E433E600F7FC7B /* Runtime___Tests.m */ = {isa = PBXFileReference; lastKnownFileType = sourcecode.c.objc; path = "Runtime___Tests.m"; sourceTree = "<group>"; };
		41BCA8F021E433E600F7FC7B /* Info.plist */ = {isa = PBXFileReference; lastKnownFileType = text.plist.xml; path = Info.plist; sourceTree = "<group>"; };
		41BCA8F521E433E600F7FC7B /* Runtime的使用UITests.xctest */ = {isa = PBXFileReference; explicitFileType = wrapper.cfbundle; includeInIndex = 0; path = "Runtime的使用UITests.xctest"; sourceTree = BUILT_PRODUCTS_DIR; };
		41BCA8F921E433E600F7FC7B /* Runtime___UITests.m */ = {isa = PBXFileReference; lastKnownFileType = sourcecode.c.objc; path = "Runtime___UITests.m"; sourceTree = "<group>"; };
		41BCA8FB21E433E600F7FC7B /* Info.plist */ = {isa = PBXFileReference; lastKnownFileType = text.plist.xml; path = Info.plist; sourceTree = "<group>"; };
		41BCA90B21E4351100F7FC7B /* Person.h */ = {isa = PBXFileReference; lastKnownFileType = sourcecode.c.h; path = Person.h; sourceTree = "<group>"; };
		41BCA90C21E4351100F7FC7B /* Person.m */ = {isa = PBXFileReference; lastKnownFileType = sourcecode.c.objc; path = Person.m; sourceTree = "<group>"; };
		41BCA90E21E438CC00F7FC7B /* RTFristViewController.h */ = {isa = PBXFileReference; lastKnownFileType = sourcecode.c.h; path = RTFristViewController.h; sourceTree = "<group>"; };
		41BCA90F21E438CC00F7FC7B /* RTFristViewController.m */ = {isa = PBXFileReference; lastKnownFileType = sourcecode.c.objc; path = RTFristViewController.m; sourceTree = "<group>"; };
		41BCA91121E438D800F7FC7B /* RTSecondViewController.h */ = {isa = PBXFileReference; lastKnownFileType = sourcecode.c.h; path = RTSecondViewController.h; sourceTree = "<group>"; };
		41BCA91221E438D800F7FC7B /* RTSecondViewController.m */ = {isa = PBXFileReference; lastKnownFileType = sourcecode.c.objc; path = RTSecondViewController.m; sourceTree = "<group>"; };
		41BCA91421E438E600F7FC7B /* RTThirdViewController.h */ = {isa = PBXFileReference; lastKnownFileType = sourcecode.c.h; path = RTThirdViewController.h; sourceTree = "<group>"; };
		41BCA91521E438E600F7FC7B /* RTThirdViewController.m */ = {isa = PBXFileReference; lastKnownFileType = sourcecode.c.objc; path = RTThirdViewController.m; sourceTree = "<group>"; };
		41BCA91721E4391700F7FC7B /* RTFourthViewController.h */ = {isa = PBXFileReference; lastKnownFileType = sourcecode.c.h; path = RTFourthViewController.h; sourceTree = "<group>"; };
		41BCA91821E4391700F7FC7B /* RTFourthViewController.m */ = {isa = PBXFileReference; lastKnownFileType = sourcecode.c.objc; path = RTFourthViewController.m; sourceTree = "<group>"; };
		41BCA91A21E4392A00F7FC7B /* RTFifthViewController.h */ = {isa = PBXFileReference; lastKnownFileType = sourcecode.c.h; path = RTFifthViewController.h; sourceTree = "<group>"; };
		41BCA91B21E4392A00F7FC7B /* RTFifthViewController.m */ = {isa = PBXFileReference; lastKnownFileType = sourcecode.c.objc; path = RTFifthViewController.m; sourceTree = "<group>"; };
		41BCA91D21E4393A00F7FC7B /* RTSixthViewController.h */ = {isa = PBXFileReference; lastKnownFileType = sourcecode.c.h; path = RTSixthViewController.h; sourceTree = "<group>"; };
		41BCA91E21E4393A00F7FC7B /* RTSixthViewController.m */ = {isa = PBXFileReference; lastKnownFileType = sourcecode.c.objc; path = RTSixthViewController.m; sourceTree = "<group>"; };
		41BCA92021E4394900F7FC7B /* RTSeventhViewController.h */ = {isa = PBXFileReference; lastKnownFileType = sourcecode.c.h; path = RTSeventhViewController.h; sourceTree = "<group>"; };
		41BCA92121E4394900F7FC7B /* RTSeventhViewController.m */ = {isa = PBXFileReference; lastKnownFileType = sourcecode.c.objc; path = RTSeventhViewController.m; sourceTree = "<group>"; };
		41BCA92921E43BD700F7FC7B /* PrefixHeader.pch */ = {isa = PBXFileReference; lastKnownFileType = sourcecode.c.h; path = PrefixHeader.pch; sourceTree = "<group>"; };
		41BCA92A21E43C8300F7FC7B /* Person+AddProperty.h */ = {isa = PBXFileReference; lastKnownFileType = sourcecode.c.h; path = "Person+AddProperty.h"; sourceTree = "<group>"; };
		41BCA92B21E43C8300F7FC7B /* Person+AddProperty.m */ = {isa = PBXFileReference; lastKnownFileType = sourcecode.c.objc; path = "Person+AddProperty.m"; sourceTree = "<group>"; };
		41BCA92D21E43C9A00F7FC7B /* UIButton+NSLog.h */ = {isa = PBXFileReference; lastKnownFileType = sourcecode.c.h; path = "UIButton+NSLog.h"; sourceTree = "<group>"; };
		41BCA92E21E43C9A00F7FC7B /* UIButton+NSLog.m */ = {isa = PBXFileReference; lastKnownFileType = sourcecode.c.objc; path = "UIButton+NSLog.m"; sourceTree = "<group>"; };
		41BCA93021E43CBA00F7FC7B /* UIViewController+NSLog.h */ = {isa = PBXFileReference; lastKnownFileType = sourcecode.c.h; path = "UIViewController+NSLog.h"; sourceTree = "<group>"; };
		41BCA93121E43CBA00F7FC7B /* UIViewController+NSLog.m */ = {isa = PBXFileReference; lastKnownFileType = sourcecode.c.objc; path = "UIViewController+NSLog.m"; sourceTree = "<group>"; };
		41BCA93D21E477F000F7FC7B /* RootModel.h */ = {isa = PBXFileReference; lastKnownFileType = sourcecode.c.h; path = RootModel.h; sourceTree = "<group>"; };
		41BCA93E21E477F000F7FC7B /* RootModel.m */ = {isa = PBXFileReference; lastKnownFileType = sourcecode.c.objc; path = RootModel.m; sourceTree = "<group>"; };
		41BCA94021E4786100F7FC7B /* Book.h */ = {isa = PBXFileReference; lastKnownFileType = sourcecode.c.h; path = Book.h; sourceTree = "<group>"; };
		41BCA94121E4786100F7FC7B /* Book.m */ = {isa = PBXFileReference; lastKnownFileType = sourcecode.c.objc; path = Book.m; sourceTree = "<group>"; };
		41BCA94321E4786C00F7FC7B /* Author.h */ = {isa = PBXFileReference; lastKnownFileType = sourcecode.c.h; path = Author.h; sourceTree = "<group>"; };
		41BCA94421E4786C00F7FC7B /* Author.m */ = {isa = PBXFileReference; lastKnownFileType = sourcecode.c.objc; path = Author.m; sourceTree = "<group>"; };
		41BCA94F21E47AB600F7FC7B /* Json */ = {isa = PBXFileReference; lastKnownFileType = text; path = Json; sourceTree = "<group>"; };
		41BCA95421E48E6300F7FC7B /* RTCrashHelper.h */ = {isa = PBXFileReference; lastKnownFileType = sourcecode.c.h; path = RTCrashHelper.h; sourceTree = "<group>"; };
		41BCA95521E48E6300F7FC7B /* RTCrashHelper.m */ = {isa = PBXFileReference; lastKnownFileType = sourcecode.c.objc; path = RTCrashHelper.m; sourceTree = "<group>"; };
		41BCA96A21E5E61E00F7FC7B /* NSObject+CrashHandle.h */ = {isa = PBXFileReference; lastKnownFileType = sourcecode.c.h; path = "NSObject+CrashHandle.h"; sourceTree = "<group>"; };
		41BCA96B21E5E61E00F7FC7B /* NSObject+CrashHandle.m */ = {isa = PBXFileReference; lastKnownFileType = sourcecode.c.objc; path = "NSObject+CrashHandle.m"; sourceTree = "<group>"; };
		41BCA97521E7665700F7FC7B /* UIButton+Test.h */ = {isa = PBXFileReference; lastKnownFileType = sourcecode.c.h; path = "UIButton+Test.h"; sourceTree = "<group>"; };
		41BCA97621E7665700F7FC7B /* UIButton+Test.m */ = {isa = PBXFileReference; lastKnownFileType = sourcecode.c.objc; path = "UIButton+Test.m"; sourceTree = "<group>"; };
		49E2E01FB1BC396B8454ED18 /* libPods-Runtime的使用UITests.a */ = {isa = PBXFileReference; explicitFileType = archive.ar; includeInIndex = 0; path = "libPods-Runtime的使用UITests.a"; sourceTree = BUILT_PRODUCTS_DIR; };
		759DCFE491DF6854230CC1C4 /* Pods-Runtime的使用Tests.release.xcconfig */ = {isa = PBXFileReference; includeInIndex = 1; lastKnownFileType = text.xcconfig; name = "Pods-Runtime的使用Tests.release.xcconfig"; path = "Pods/Target Support Files/Pods-Runtime的使用Tests/Pods-Runtime的使用Tests.release.xcconfig"; sourceTree = "<group>"; };
		975EADC9000E1D4136F37D17 /* Pods-Runtime的使用.release.xcconfig */ = {isa = PBXFileReference; includeInIndex = 1; lastKnownFileType = text.xcconfig; name = "Pods-Runtime的使用.release.xcconfig"; path = "Pods/Target Support Files/Pods-Runtime的使用/Pods-Runtime的使用.release.xcconfig"; sourceTree = "<group>"; };
		B42F7B9971FD6711DFF04DAD /* libPods-Runtime的使用.a */ = {isa = PBXFileReference; explicitFileType = archive.ar; includeInIndex = 0; path = "libPods-Runtime的使用.a"; sourceTree = BUILT_PRODUCTS_DIR; };
		DDCFD6B39848D8E98F7C3566 /* Pods-Runtime的使用.debug.xcconfig */ = {isa = PBXFileReference; includeInIndex = 1; lastKnownFileType = text.xcconfig; name = "Pods-Runtime的使用.debug.xcconfig"; path = "Pods/Target Support Files/Pods-Runtime的使用/Pods-Runtime的使用.debug.xcconfig"; sourceTree = "<group>"; };
/* End PBXFileReference section */

/* Begin PBXFrameworksBuildPhase section */
		41BCA8CF21E433E400F7FC7B /* Frameworks */ = {
			isa = PBXFrameworksBuildPhase;
			buildActionMask = 2147483647;
			files = (
				87DA9CE71BAD6F7B8274E6E0 /* libPods-Runtime的使用.a in Frameworks */,
			);
			runOnlyForDeploymentPostprocessing = 0;
		};
		41BCA8E721E433E600F7FC7B /* Frameworks */ = {
			isa = PBXFrameworksBuildPhase;
			buildActionMask = 2147483647;
			files = (
				04B0D47DE8A67DB1C3C75A25 /* libPods-Runtime的使用Tests.a in Frameworks */,
			);
			runOnlyForDeploymentPostprocessing = 0;
		};
		41BCA8F221E433E600F7FC7B /* Frameworks */ = {
			isa = PBXFrameworksBuildPhase;
			buildActionMask = 2147483647;
			files = (
				3E340F88766E7F596C29B979 /* libPods-Runtime的使用UITests.a in Frameworks */,
			);
			runOnlyForDeploymentPostprocessing = 0;
		};
/* End PBXFrameworksBuildPhase section */

/* Begin PBXGroup section */
		0BEE06D714ED698967E4A12F /* Frameworks */ = {
			isa = PBXGroup;
			children = (
				B42F7B9971FD6711DFF04DAD /* libPods-Runtime的使用.a */,
				1034C5D62FE6AEDBD896D437 /* libPods-Runtime的使用Tests.a */,
				49E2E01FB1BC396B8454ED18 /* libPods-Runtime的使用UITests.a */,
			);
			name = Frameworks;
			sourceTree = "<group>";
		};
		41BCA8C921E433E400F7FC7B = {
			isa = PBXGroup;
			children = (
				41BCA8D421E433E400F7FC7B /* Runtime的使用 */,
				41BCA8ED21E433E600F7FC7B /* Runtime的使用Tests */,
				41BCA8F821E433E600F7FC7B /* Runtime的使用UITests */,
				41BCA8D321E433E400F7FC7B /* Products */,
				872284F4F9AA7861DC5FCEF3 /* Pods */,
				0BEE06D714ED698967E4A12F /* Frameworks */,
			);
			sourceTree = "<group>";
		};
		41BCA8D321E433E400F7FC7B /* Products */ = {
			isa = PBXGroup;
			children = (
				41BCA8D221E433E400F7FC7B /* Runtime的使用.app */,
				41BCA8EA21E433E600F7FC7B /* Runtime的使用Tests.xctest */,
				41BCA8F521E433E600F7FC7B /* Runtime的使用UITests.xctest */,
			);
			name = Products;
			sourceTree = "<group>";
		};
		41BCA8D421E433E400F7FC7B /* Runtime的使用 */ = {
			isa = PBXGroup;
			children = (
				41BCA90821E4342600F7FC7B /* Category */,
				41BCA90721E4342600F7FC7B /* Controller */,
				41BCA90921E4342600F7FC7B /* Model */,
				41BCA90A21E4342600F7FC7B /* View */,
				41BCA8D521E433E400F7FC7B /* AppDelegate.h */,
				41BCA8D621E433E400F7FC7B /* AppDelegate.m */,
				41BCA8D821E433E400F7FC7B /* ViewController.h */,
				41BCA8D921E433E400F7FC7B /* ViewController.m */,
				41BCA8DB21E433E400F7FC7B /* Main.storyboard */,
				41BCA8DE21E433E600F7FC7B /* Assets.xcassets */,
				41BCA8E021E433E600F7FC7B /* LaunchScreen.storyboard */,
				41BCA8E321E433E600F7FC7B /* Info.plist */,
				41BCA8E421E433E600F7FC7B /* main.m */,
				41BCA92921E43BD700F7FC7B /* PrefixHeader.pch */,
			);
			path = "Runtime的使用";
			sourceTree = "<group>";
		};
		41BCA8ED21E433E600F7FC7B /* Runtime的使用Tests */ = {
			isa = PBXGroup;
			children = (
				41BCA8EE21E433E600F7FC7B /* Runtime___Tests.m */,
				41BCA8F021E433E600F7FC7B /* Info.plist */,
			);
			path = "Runtime的使用Tests";
			sourceTree = "<group>";
		};
		41BCA8F821E433E600F7FC7B /* Runtime的使用UITests */ = {
			isa = PBXGroup;
			children = (
				41BCA8F921E433E600F7FC7B /* Runtime___UITests.m */,
				41BCA8FB21E433E600F7FC7B /* Info.plist */,
			);
			path = "Runtime的使用UITests";
			sourceTree = "<group>";
		};
		41BCA90721E4342600F7FC7B /* Controller */ = {
			isa = PBXGroup;
			children = (
				41BCA91221E438D800F7FC7B /* RTSecondViewController.m */,
				41BCA90E21E438CC00F7FC7B /* RTFristViewController.h */,
				41BCA90F21E438CC00F7FC7B /* RTFristViewController.m */,
				41BCA91121E438D800F7FC7B /* RTSecondViewController.h */,
				41BCA91421E438E600F7FC7B /* RTThirdViewController.h */,
				41BCA91521E438E600F7FC7B /* RTThirdViewController.m */,
				41BCA91721E4391700F7FC7B /* RTFourthViewController.h */,
				41BCA91821E4391700F7FC7B /* RTFourthViewController.m */,
				41BCA91A21E4392A00F7FC7B /* RTFifthViewController.h */,
				41BCA91B21E4392A00F7FC7B /* RTFifthViewController.m */,
				41BCA91D21E4393A00F7FC7B /* RTSixthViewController.h */,
				41BCA91E21E4393A00F7FC7B /* RTSixthViewController.m */,
				41BCA92021E4394900F7FC7B /* RTSeventhViewController.h */,
				41BCA92121E4394900F7FC7B /* RTSeventhViewController.m */,
			);
			path = Controller;
			sourceTree = "<group>";
		};
		41BCA90821E4342600F7FC7B /* Category */ = {
			isa = PBXGroup;
			children = (
				41BCA92A21E43C8300F7FC7B /* Person+AddProperty.h */,
				41BCA92B21E43C8300F7FC7B /* Person+AddProperty.m */,
				41BCA97521E7665700F7FC7B /* UIButton+Test.h */,
				41BCA97621E7665700F7FC7B /* UIButton+Test.m */,
				41BCA92D21E43C9A00F7FC7B /* UIButton+NSLog.h */,
				41BCA92E21E43C9A00F7FC7B /* UIButton+NSLog.m */,
				41BCA93021E43CBA00F7FC7B /* UIViewController+NSLog.h */,
				41BCA93121E43CBA00F7FC7B /* UIViewController+NSLog.m */,
				41BCA96A21E5E61E00F7FC7B /* NSObject+CrashHandle.h */,
				41BCA96B21E5E61E00F7FC7B /* NSObject+CrashHandle.m */,
			);
			path = Category;
			sourceTree = "<group>";
		};
		41BCA90921E4342600F7FC7B /* Model */ = {
			isa = PBXGroup;
			children = (
				41BCA90B21E4351100F7FC7B /* Person.h */,
				41BCA90C21E4351100F7FC7B /* Person.m */,
				41BCA95421E48E6300F7FC7B /* RTCrashHelper.h */,
				41BCA95521E48E6300F7FC7B /* RTCrashHelper.m */,
				41BCA93D21E477F000F7FC7B /* RootModel.h */,
				41BCA93E21E477F000F7FC7B /* RootModel.m */,
				41BCA94021E4786100F7FC7B /* Book.h */,
				41BCA94121E4786100F7FC7B /* Book.m */,
				41BCA94321E4786C00F7FC7B /* Author.h */,
				41BCA94421E4786C00F7FC7B /* Author.m */,
				41BCA94F21E47AB600F7FC7B /* Json */,
			);
			path = Model;
			sourceTree = "<group>";
		};
		41BCA90A21E4342600F7FC7B /* View */ = {
			isa = PBXGroup;
			children = (
			);
			path = View;
			sourceTree = "<group>";
		};
		872284F4F9AA7861DC5FCEF3 /* Pods */ = {
			isa = PBXGroup;
			children = (
				DDCFD6B39848D8E98F7C3566 /* Pods-Runtime的使用.debug.xcconfig */,
				975EADC9000E1D4136F37D17 /* Pods-Runtime的使用.release.xcconfig */,
				20D9BB03B4681E0658F8D476 /* Pods-Runtime的使用Tests.debug.xcconfig */,
				759DCFE491DF6854230CC1C4 /* Pods-Runtime的使用Tests.release.xcconfig */,
				362E704A3A528C13F1C80B06 /* Pods-Runtime的使用UITests.debug.xcconfig */,
				24AE752EE5A30B53EFE2AE26 /* Pods-Runtime的使用UITests.release.xcconfig */,
			);
			name = Pods;
			sourceTree = "<group>";
		};
/* End PBXGroup section */

/* Begin PBXNativeTarget section */
		41BCA8D121E433E400F7FC7B /* Runtime的使用 */ = {
			isa = PBXNativeTarget;
			buildConfigurationList = 41BCA8FE21E433E600F7FC7B /* Build configuration list for PBXNativeTarget "Runtime的使用" */;
			buildPhases = (
				DA451B174C79DC55EC4E2DD3 /* [CP] Check Pods Manifest.lock */,
				41BCA8CE21E433E400F7FC7B /* Sources */,
				41BCA8CF21E433E400F7FC7B /* Frameworks */,
				41BCA8D021E433E400F7FC7B /* Resources */,
				BF528EEAFC392DBC61DCCC36 /* [CP] Embed Pods Frameworks */,
				ECC4607A6456A17C8B44D228 /* [CP] Copy Pods Resources */,
			);
			buildRules = (
			);
			dependencies = (
			);
			name = "Runtime的使用";
			productName = "Runtime的使用";
			productReference = 41BCA8D221E433E400F7FC7B /* Runtime的使用.app */;
			productType = "com.apple.product-type.application";
		};
		41BCA8E921E433E600F7FC7B /* Runtime的使用Tests */ = {
			isa = PBXNativeTarget;
			buildConfigurationList = 41BCA90121E433E600F7FC7B /* Build configuration list for PBXNativeTarget "Runtime的使用Tests" */;
			buildPhases = (
				50C637017476A375898B9DA1 /* [CP] Check Pods Manifest.lock */,
				41BCA8E621E433E600F7FC7B /* Sources */,
				41BCA8E721E433E600F7FC7B /* Frameworks */,
				41BCA8E821E433E600F7FC7B /* Resources */,
				0C7D7DE894D66647D90ECA55 /* [CP] Embed Pods Frameworks */,
				1D394D904FD4FEE2458FA918 /* [CP] Copy Pods Resources */,
			);
			buildRules = (
			);
			dependencies = (
				41BCA8EC21E433E600F7FC7B /* PBXTargetDependency */,
			);
			name = "Runtime的使用Tests";
			productName = "Runtime的使用Tests";
			productReference = 41BCA8EA21E433E600F7FC7B /* Runtime的使用Tests.xctest */;
			productType = "com.apple.product-type.bundle.unit-test";
		};
		41BCA8F421E433E600F7FC7B /* Runtime的使用UITests */ = {
			isa = PBXNativeTarget;
			buildConfigurationList = 41BCA90421E433E600F7FC7B /* Build configuration list for PBXNativeTarget "Runtime的使用UITests" */;
			buildPhases = (
				71C197765948A087BC82BECB /* [CP] Check Pods Manifest.lock */,
				41BCA8F121E433E600F7FC7B /* Sources */,
				41BCA8F221E433E600F7FC7B /* Frameworks */,
				41BCA8F321E433E600F7FC7B /* Resources */,
				C85E2754E78ACEA4A3F458CE /* [CP] Embed Pods Frameworks */,
				21B01BA6FB533649A7406CC8 /* [CP] Copy Pods Resources */,
			);
			buildRules = (
			);
			dependencies = (
				41BCA8F721E433E600F7FC7B /* PBXTargetDependency */,
			);
			name = "Runtime的使用UITests";
			productName = "Runtime的使用UITests";
			productReference = 41BCA8F521E433E600F7FC7B /* Runtime的使用UITests.xctest */;
			productType = "com.apple.product-type.bundle.ui-testing";
		};
/* End PBXNativeTarget section */

/* Begin PBXProject section */
		41BCA8CA21E433E400F7FC7B /* Project object */ = {
			isa = PBXProject;
			attributes = {
				LastUpgradeCheck = 0940;
				ORGANIZATIONNAME = "刘灿";
				TargetAttributes = {
					41BCA8D121E433E400F7FC7B = {
						CreatedOnToolsVersion = 9.4;
					};
					41BCA8E921E433E600F7FC7B = {
						CreatedOnToolsVersion = 9.4;
						TestTargetID = 41BCA8D121E433E400F7FC7B;
					};
					41BCA8F421E433E600F7FC7B = {
						CreatedOnToolsVersion = 9.4;
						TestTargetID = 41BCA8D121E433E400F7FC7B;
					};
				};
			};
			buildConfigurationList = 41BCA8CD21E433E400F7FC7B /* Build configuration list for PBXProject "Runtime的使用" */;
			compatibilityVersion = "Xcode 9.3";
			developmentRegion = en;
			hasScannedForEncodings = 0;
			knownRegions = (
				en,
				Base,
			);
			mainGroup = 41BCA8C921E433E400F7FC7B;
			productRefGroup = 41BCA8D321E433E400F7FC7B /* Products */;
			projectDirPath = "";
			projectRoot = "";
			targets = (
				41BCA8D121E433E400F7FC7B /* Runtime的使用 */,
				41BCA8E921E433E600F7FC7B /* Runtime的使用Tests */,
				41BCA8F421E433E600F7FC7B /* Runtime的使用UITests */,
			);
		};
/* End PBXProject section */

/* Begin PBXResourcesBuildPhase section */
		41BCA8D021E433E400F7FC7B /* Resources */ = {
			isa = PBXResourcesBuildPhase;
			buildActionMask = 2147483647;
			files = (
				41BCA8E221E433E600F7FC7B /* LaunchScreen.storyboard in Resources */,
				41BCA8DF21E433E600F7FC7B /* Assets.xcassets in Resources */,
				41BCA95021E47AB600F7FC7B /* Json in Resources */,
				41BCA8DD21E433E400F7FC7B /* Main.storyboard in Resources */,
			);
			runOnlyForDeploymentPostprocessing = 0;
		};
		41BCA8E821E433E600F7FC7B /* Resources */ = {
			isa = PBXResourcesBuildPhase;
			buildActionMask = 2147483647;
			files = (
			);
			runOnlyForDeploymentPostprocessing = 0;
		};
		41BCA8F321E433E600F7FC7B /* Resources */ = {
			isa = PBXResourcesBuildPhase;
			buildActionMask = 2147483647;
			files = (
			);
			runOnlyForDeploymentPostprocessing = 0;
		};
/* End PBXResourcesBuildPhase section */

/* Begin PBXShellScriptBuildPhase section */
		0C7D7DE894D66647D90ECA55 /* [CP] Embed Pods Frameworks */ = {
			isa = PBXShellScriptBuildPhase;
			buildActionMask = 2147483647;
			files = (
			);
			inputPaths = (
			);
			name = "[CP] Embed Pods Frameworks";
			outputPaths = (
			);
			runOnlyForDeploymentPostprocessing = 0;
			shellPath = /bin/sh;
			shellScript = "\"${SRCROOT}/Pods/Target Support Files/Pods-Runtime的使用Tests/Pods-Runtime的使用Tests-frameworks.sh\"\n";
			showEnvVarsInLog = 0;
		};
		1D394D904FD4FEE2458FA918 /* [CP] Copy Pods Resources */ = {
			isa = PBXShellScriptBuildPhase;
			buildActionMask = 2147483647;
			files = (
			);
			inputPaths = (
			);
			name = "[CP] Copy Pods Resources";
			outputPaths = (
			);
			runOnlyForDeploymentPostprocessing = 0;
			shellPath = /bin/sh;
			shellScript = "\"${SRCROOT}/Pods/Target Support Files/Pods-Runtime的使用Tests/Pods-Runtime的使用Tests-resources.sh\"\n";
			showEnvVarsInLog = 0;
		};
		21B01BA6FB533649A7406CC8 /* [CP] Copy Pods Resources */ = {
			isa = PBXShellScriptBuildPhase;
			buildActionMask = 2147483647;
			files = (
			);
			inputPaths = (
			);
			name = "[CP] Copy Pods Resources";
			outputPaths = (
			);
			runOnlyForDeploymentPostprocessing = 0;
			shellPath = /bin/sh;
			shellScript = "\"${SRCROOT}/Pods/Target Support Files/Pods-Runtime的使用UITests/Pods-Runtime的使用UITests-resources.sh\"\n";
			showEnvVarsInLog = 0;
		};
		50C637017476A375898B9DA1 /* [CP] Check Pods Manifest.lock */ = {
			isa = PBXShellScriptBuildPhase;
			buildActionMask = 2147483647;
			files = (
			);
			inputPaths = (
				"${PODS_PODFILE_DIR_PATH}/Podfile.lock",
				"${PODS_ROOT}/Manifest.lock",
			);
			name = "[CP] Check Pods Manifest.lock";
			outputPaths = (
				"$(DERIVED_FILE_DIR)/Pods-Runtime的使用Tests-checkManifestLockResult.txt",
			);
			runOnlyForDeploymentPostprocessing = 0;
			shellPath = /bin/sh;
			shellScript = "diff \"${PODS_PODFILE_DIR_PATH}/Podfile.lock\" \"${PODS_ROOT}/Manifest.lock\" > /dev/null\nif [ $? != 0 ] ; then\n    # print error to STDERR\n    echo \"error: The sandbox is not in sync with the Podfile.lock. Run 'pod install' or update your CocoaPods installation.\" >&2\n    exit 1\nfi\n# This output is used by Xcode 'outputs' to avoid re-running this script phase.\necho \"SUCCESS\" > \"${SCRIPT_OUTPUT_FILE_0}\"\n";
			showEnvVarsInLog = 0;
		};
		71C197765948A087BC82BECB /* [CP] Check Pods Manifest.lock */ = {
			isa = PBXShellScriptBuildPhase;
			buildActionMask = 2147483647;
			files = (
			);
			inputPaths = (
				"${PODS_PODFILE_DIR_PATH}/Podfile.lock",
				"${PODS_ROOT}/Manifest.lock",
			);
			name = "[CP] Check Pods Manifest.lock";
			outputPaths = (
				"$(DERIVED_FILE_DIR)/Pods-Runtime的使用UITests-checkManifestLockResult.txt",
			);
			runOnlyForDeploymentPostprocessing = 0;
			shellPath = /bin/sh;
			shellScript = "diff \"${PODS_PODFILE_DIR_PATH}/Podfile.lock\" \"${PODS_ROOT}/Manifest.lock\" > /dev/null\nif [ $? != 0 ] ; then\n    # print error to STDERR\n    echo \"error: The sandbox is not in sync with the Podfile.lock. Run 'pod install' or update your CocoaPods installation.\" >&2\n    exit 1\nfi\n# This output is used by Xcode 'outputs' to avoid re-running this script phase.\necho \"SUCCESS\" > \"${SCRIPT_OUTPUT_FILE_0}\"\n";
			showEnvVarsInLog = 0;
		};
		BF528EEAFC392DBC61DCCC36 /* [CP] Embed Pods Frameworks */ = {
			isa = PBXShellScriptBuildPhase;
			buildActionMask = 2147483647;
			files = (
			);
			inputPaths = (
			);
			name = "[CP] Embed Pods Frameworks";
			outputPaths = (
			);
			runOnlyForDeploymentPostprocessing = 0;
			shellPath = /bin/sh;
			shellScript = "\"${SRCROOT}/Pods/Target Support Files/Pods-Runtime的使用/Pods-Runtime的使用-frameworks.sh\"\n";
			showEnvVarsInLog = 0;
		};
		C85E2754E78ACEA4A3F458CE /* [CP] Embed Pods Frameworks */ = {
			isa = PBXShellScriptBuildPhase;
			buildActionMask = 2147483647;
			files = (
			);
			inputPaths = (
			);
			name = "[CP] Embed Pods Frameworks";
			outputPaths = (
			);
			runOnlyForDeploymentPostprocessing = 0;
			shellPath = /bin/sh;
			shellScript = "\"${SRCROOT}/Pods/Target Support Files/Pods-Runtime的使用UITests/Pods-Runtime的使用UITests-frameworks.sh\"\n";
			showEnvVarsInLog = 0;
		};
		DA451B174C79DC55EC4E2DD3 /* [CP] Check Pods Manifest.lock */ = {
			isa = PBXShellScriptBuildPhase;
			buildActionMask = 2147483647;
			files = (
			);
			inputPaths = (
				"${PODS_PODFILE_DIR_PATH}/Podfile.lock",
				"${PODS_ROOT}/Manifest.lock",
			);
			name = "[CP] Check Pods Manifest.lock";
			outputPaths = (
				"$(DERIVED_FILE_DIR)/Pods-Runtime的使用-checkManifestLockResult.txt",
			);
			runOnlyForDeploymentPostprocessing = 0;
			shellPath = /bin/sh;
			shellScript = "diff \"${PODS_PODFILE_DIR_PATH}/Podfile.lock\" \"${PODS_ROOT}/Manifest.lock\" > /dev/null\nif [ $? != 0 ] ; then\n    # print error to STDERR\n    echo \"error: The sandbox is not in sync with the Podfile.lock. Run 'pod install' or update your CocoaPods installation.\" >&2\n    exit 1\nfi\n# This output is used by Xcode 'outputs' to avoid re-running this script phase.\necho \"SUCCESS\" > \"${SCRIPT_OUTPUT_FILE_0}\"\n";
			showEnvVarsInLog = 0;
		};
		ECC4607A6456A17C8B44D228 /* [CP] Copy Pods Resources */ = {
			isa = PBXShellScriptBuildPhase;
			buildActionMask = 2147483647;
			files = (
			);
			inputPaths = (
			);
			name = "[CP] Copy Pods Resources";
			outputPaths = (
			);
			runOnlyForDeploymentPostprocessing = 0;
			shellPath = /bin/sh;
			shellScript = "\"${SRCROOT}/Pods/Target Support Files/Pods-Runtime的使用/Pods-Runtime的使用-resources.sh\"\n";
			showEnvVarsInLog = 0;
		};
/* End PBXShellScriptBuildPhase section */

/* Begin PBXSourcesBuildPhase section */
		41BCA8CE21E433E400F7FC7B /* Sources */ = {
			isa = PBXSourcesBuildPhase;
			buildActionMask = 2147483647;
			files = (
				41BCA93221E43CBA00F7FC7B /* UIViewController+NSLog.m in Sources */,
				41BCA92221E4394900F7FC7B /* RTSeventhViewController.m in Sources */,
				41BCA91C21E4392A00F7FC7B /* RTFifthViewController.m in Sources */,
				41BCA91921E4391700F7FC7B /* RTFourthViewController.m in Sources */,
				41BCA92F21E43C9A00F7FC7B /* UIButton+NSLog.m in Sources */,
				41BCA91621E438E600F7FC7B /* RTThirdViewController.m in Sources */,
				41BCA8DA21E433E400F7FC7B /* ViewController.m in Sources */,
				41BCA8E521E433E600F7FC7B /* main.m in Sources */,
				41BCA91321E438D800F7FC7B /* RTSecondViewController.m in Sources */,
				41BCA92C21E43C8300F7FC7B /* Person+AddProperty.m in Sources */,
				41BCA90D21E4351100F7FC7B /* Person.m in Sources */,
				41BCA8D721E433E400F7FC7B /* AppDelegate.m in Sources */,
				41BCA94221E4786100F7FC7B /* Book.m in Sources */,
				41BCA96C21E5E61E00F7FC7B /* NSObject+CrashHandle.m in Sources */,
				41BCA95621E48E6300F7FC7B /* RTCrashHelper.m in Sources */,
				41BCA93F21E477F000F7FC7B /* RootModel.m in Sources */,
				41BCA91021E438CC00F7FC7B /* RTFristViewController.m in Sources */,
				41BCA91F21E4393A00F7FC7B /* RTSixthViewController.m in Sources */,
				41BCA94521E4786C00F7FC7B /* Author.m in Sources */,
				41BCA97721E7665700F7FC7B /* UIButton+Test.m in Sources */,
			);
			runOnlyForDeploymentPostprocessing = 0;
		};
		41BCA8E621E433E600F7FC7B /* Sources */ = {
			isa = PBXSourcesBuildPhase;
			buildActionMask = 2147483647;
			files = (
				41BCA8EF21E433E600F7FC7B /* Runtime___Tests.m in Sources */,
			);
			runOnlyForDeploymentPostprocessing = 0;
		};
		41BCA8F121E433E600F7FC7B /* Sources */ = {
			isa = PBXSourcesBuildPhase;
			buildActionMask = 2147483647;
			files = (
				41BCA8FA21E433E600F7FC7B /* Runtime___UITests.m in Sources */,
			);
			runOnlyForDeploymentPostprocessing = 0;
		};
/* End PBXSourcesBuildPhase section */

/* Begin PBXTargetDependency section */
		41BCA8EC21E433E600F7FC7B /* PBXTargetDependency */ = {
			isa = PBXTargetDependency;
			target = 41BCA8D121E433E400F7FC7B /* Runtime的使用 */;
			targetProxy = 41BCA8EB21E433E600F7FC7B /* PBXContainerItemProxy */;
		};
		41BCA8F721E433E600F7FC7B /* PBXTargetDependency */ = {
			isa = PBXTargetDependency;
			target = 41BCA8D121E433E400F7FC7B /* Runtime的使用 */;
			targetProxy = 41BCA8F621E433E600F7FC7B /* PBXContainerItemProxy */;
		};
/* End PBXTargetDependency section */

/* Begin PBXVariantGroup section */
		41BCA8DB21E433E400F7FC7B /* Main.storyboard */ = {
			isa = PBXVariantGroup;
			children = (
				41BCA8DC21E433E400F7FC7B /* Base */,
			);
			name = Main.storyboard;
			sourceTree = "<group>";
		};
		41BCA8E021E433E600F7FC7B /* LaunchScreen.storyboard */ = {
			isa = PBXVariantGroup;
			children = (
				41BCA8E121E433E600F7FC7B /* Base */,
			);
			name = LaunchScreen.storyboard;
			sourceTree = "<group>";
		};
/* End PBXVariantGroup section */

/* Begin XCBuildConfiguration section */
		41BCA8FC21E433E600F7FC7B /* Debug */ = {
			isa = XCBuildConfiguration;
			buildSettings = {
				ALWAYS_SEARCH_USER_PATHS = NO;
				CLANG_ANALYZER_NONNULL = YES;
				CLANG_ANALYZER_NUMBER_OBJECT_CONVERSION = YES_AGGRESSIVE;
				CLANG_CXX_LANGUAGE_STANDARD = "gnu++14";
				CLANG_CXX_LIBRARY = "libc++";
				CLANG_ENABLE_MODULES = YES;
				CLANG_ENABLE_OBJC_ARC = YES;
				CLANG_ENABLE_OBJC_WEAK = YES;
				CLANG_WARN_BLOCK_CAPTURE_AUTORELEASING = YES;
				CLANG_WARN_BOOL_CONVERSION = YES;
				CLANG_WARN_COMMA = YES;
				CLANG_WARN_CONSTANT_CONVERSION = YES;
				CLANG_WARN_DEPRECATED_OBJC_IMPLEMENTATIONS = YES;
				CLANG_WARN_DIRECT_OBJC_ISA_USAGE = YES_ERROR;
				CLANG_WARN_DOCUMENTATION_COMMENTS = YES;
				CLANG_WARN_EMPTY_BODY = YES;
				CLANG_WARN_ENUM_CONVERSION = YES;
				CLANG_WARN_INFINITE_RECURSION = YES;
				CLANG_WARN_INT_CONVERSION = YES;
				CLANG_WARN_NON_LITERAL_NULL_CONVERSION = YES;
				CLANG_WARN_OBJC_IMPLICIT_RETAIN_SELF = YES;
				CLANG_WARN_OBJC_LITERAL_CONVERSION = YES;
				CLANG_WARN_OBJC_ROOT_CLASS = YES_ERROR;
				CLANG_WARN_RANGE_LOOP_ANALYSIS = YES;
				CLANG_WARN_STRICT_PROTOTYPES = YES;
				CLANG_WARN_SUSPICIOUS_MOVE = YES;
				CLANG_WARN_UNGUARDED_AVAILABILITY = YES_AGGRESSIVE;
				CLANG_WARN_UNREACHABLE_CODE = YES;
				CLANG_WARN__DUPLICATE_METHOD_MATCH = YES;
				CODE_SIGN_IDENTITY = "iPhone Developer";
				COPY_PHASE_STRIP = NO;
				DEBUG_INFORMATION_FORMAT = dwarf;
				ENABLE_STRICT_OBJC_MSGSEND = YES;
				ENABLE_TESTABILITY = YES;
				GCC_C_LANGUAGE_STANDARD = gnu11;
				GCC_DYNAMIC_NO_PIC = NO;
				GCC_NO_COMMON_BLOCKS = YES;
				GCC_OPTIMIZATION_LEVEL = 0;
				GCC_PREPROCESSOR_DEFINITIONS = (
					"DEBUG=1",
					"$(inherited)",
				);
				GCC_WARN_64_TO_32_BIT_CONVERSION = YES;
				GCC_WARN_ABOUT_RETURN_TYPE = YES_ERROR;
				GCC_WARN_UNDECLARED_SELECTOR = YES;
				GCC_WARN_UNINITIALIZED_AUTOS = YES_AGGRESSIVE;
				GCC_WARN_UNUSED_FUNCTION = YES;
				GCC_WARN_UNUSED_VARIABLE = YES;
				IPHONEOS_DEPLOYMENT_TARGET = 11.4;
				MTL_ENABLE_DEBUG_INFO = YES;
				ONLY_ACTIVE_ARCH = YES;
				SDKROOT = iphoneos;
			};
			name = Debug;
		};
		41BCA8FD21E433E600F7FC7B /* Release */ = {
			isa = XCBuildConfiguration;
			buildSettings = {
				ALWAYS_SEARCH_USER_PATHS = NO;
				CLANG_ANALYZER_NONNULL = YES;
				CLANG_ANALYZER_NUMBER_OBJECT_CONVERSION = YES_AGGRESSIVE;
				CLANG_CXX_LANGUAGE_STANDARD = "gnu++14";
				CLANG_CXX_LIBRARY = "libc++";
				CLANG_ENABLE_MODULES = YES;
				CLANG_ENABLE_OBJC_ARC = YES;
				CLANG_ENABLE_OBJC_WEAK = YES;
				CLANG_WARN_BLOCK_CAPTURE_AUTORELEASING = YES;
				CLANG_WARN_BOOL_CONVERSION = YES;
				CLANG_WARN_COMMA = YES;
				CLANG_WARN_CONSTANT_CONVERSION = YES;
				CLANG_WARN_DEPRECATED_OBJC_IMPLEMENTATIONS = YES;
				CLANG_WARN_DIRECT_OBJC_ISA_USAGE = YES_ERROR;
				CLANG_WARN_DOCUMENTATION_COMMENTS = YES;
				CLANG_WARN_EMPTY_BODY = YES;
				CLANG_WARN_ENUM_CONVERSION = YES;
				CLANG_WARN_INFINITE_RECURSION = YES;
				CLANG_WARN_INT_CONVERSION = YES;
				CLANG_WARN_NON_LITERAL_NULL_CONVERSION = YES;
				CLANG_WARN_OBJC_IMPLICIT_RETAIN_SELF = YES;
				CLANG_WARN_OBJC_LITERAL_CONVERSION = YES;
				CLANG_WARN_OBJC_ROOT_CLASS = YES_ERROR;
				CLANG_WARN_RANGE_LOOP_ANALYSIS = YES;
				CLANG_WARN_STRICT_PROTOTYPES = YES;
				CLANG_WARN_SUSPICIOUS_MOVE = YES;
				CLANG_WARN_UNGUARDED_AVAILABILITY = YES_AGGRESSIVE;
				CLANG_WARN_UNREACHABLE_CODE = YES;
				CLANG_WARN__DUPLICATE_METHOD_MATCH = YES;
				CODE_SIGN_IDENTITY = "iPhone Developer";
				COPY_PHASE_STRIP = NO;
				DEBUG_INFORMATION_FORMAT = "dwarf-with-dsym";
				ENABLE_NS_ASSERTIONS = NO;
				ENABLE_STRICT_OBJC_MSGSEND = YES;
				GCC_C_LANGUAGE_STANDARD = gnu11;
				GCC_NO_COMMON_BLOCKS = YES;
				GCC_WARN_64_TO_32_BIT_CONVERSION = YES;
				GCC_WARN_ABOUT_RETURN_TYPE = YES_ERROR;
				GCC_WARN_UNDECLARED_SELECTOR = YES;
				GCC_WARN_UNINITIALIZED_AUTOS = YES_AGGRESSIVE;
				GCC_WARN_UNUSED_FUNCTION = YES;
				GCC_WARN_UNUSED_VARIABLE = YES;
				IPHONEOS_DEPLOYMENT_TARGET = 11.4;
				MTL_ENABLE_DEBUG_INFO = NO;
				SDKROOT = iphoneos;
				VALIDATE_PRODUCT = YES;
			};
			name = Release;
		};
		41BCA8FF21E433E600F7FC7B /* Debug */ = {
			isa = XCBuildConfiguration;
			baseConfigurationReference = DDCFD6B39848D8E98F7C3566 /* Pods-Runtime的使用.debug.xcconfig */;
			buildSettings = {
				ASSETCATALOG_COMPILER_APPICON_NAME = AppIcon;
				CODE_SIGN_STYLE = Manual;
				DEVELOPMENT_TEAM = ZW95P3X8Q5;
				ENABLE_STRICT_OBJC_MSGSEND = NO;
				GCC_PREFIX_HEADER = "$SRCROOT/Runtime的使用/PrefixHeader.pch";
				INFOPLIST_FILE = "Runtime的使用/Info.plist";
				LD_RUNPATH_SEARCH_PATHS = (
					"$(inherited)",
					"@executable_path/Frameworks",
				);
				PRODUCT_BUNDLE_IDENTIFIER = "lc.Runtime---";
				PRODUCT_NAME = "$(TARGET_NAME)";
				PROVISIONING_PROFILE = "deae8533-a0a8-4e3c-b0b1-30a128d3c7af";
				PROVISIONING_PROFILE_SPECIFIER = epoint_develop;
				TARGETED_DEVICE_FAMILY = "1,2";
			};
			name = Debug;
		};
		41BCA90021E433E600F7FC7B /* Release */ = {
			isa = XCBuildConfiguration;
			baseConfigurationReference = 975EADC9000E1D4136F37D17 /* Pods-Runtime的使用.release.xcconfig */;
			buildSettings = {
				ASSETCATALOG_COMPILER_APPICON_NAME = AppIcon;
				CODE_SIGN_STYLE = Manual;
				DEVELOPMENT_TEAM = "";
				ENABLE_STRICT_OBJC_MSGSEND = NO;
				GCC_PREFIX_HEADER = "$SRCROOT/Runtime的使用/PrefixHeader.pch";
				INFOPLIST_FILE = "Runtime的使用/Info.plist";
				LD_RUNPATH_SEARCH_PATHS = (
					"$(inherited)",
					"@executable_path/Frameworks",
				);
				PRODUCT_BUNDLE_IDENTIFIER = "lc.Runtime---";
				PRODUCT_NAME = "$(TARGET_NAME)";
				PROVISIONING_PROFILE_SPECIFIER = "";
				TARGETED_DEVICE_FAMILY = "1,2";
			};
			name = Release;
		};
		41BCA90221E433E600F7FC7B /* Debug */ = {
			isa = XCBuildConfiguration;
			baseConfigurationReference = 20D9BB03B4681E0658F8D476 /* Pods-Runtime的使用Tests.debug.xcconfig */;
			buildSettings = {
				BUNDLE_LOADER = "$(TEST_HOST)";
				CODE_SIGN_STYLE = Automatic;
				INFOPLIST_FILE = "Runtime的使用Tests/Info.plist";
				LD_RUNPATH_SEARCH_PATHS = (
					"$(inherited)",
					"@executable_path/Frameworks",
					"@loader_path/Frameworks",
				);
				PRODUCT_BUNDLE_IDENTIFIER = "lc.Runtime---Tests";
				PRODUCT_NAME = "$(TARGET_NAME)";
				TARGETED_DEVICE_FAMILY = "1,2";
				TEST_HOST = "$(BUILT_PRODUCTS_DIR)/Runtime的使用.app/Runtime的使用";
			};
			name = Debug;
		};
		41BCA90321E433E600F7FC7B /* Release */ = {
			isa = XCBuildConfiguration;
			baseConfigurationReference = 759DCFE491DF6854230CC1C4 /* Pods-Runtime的使用Tests.release.xcconfig */;
			buildSettings = {
				BUNDLE_LOADER = "$(TEST_HOST)";
				CODE_SIGN_STYLE = Automatic;
				INFOPLIST_FILE = "Runtime的使用Tests/Info.plist";
				LD_RUNPATH_SEARCH_PATHS = (
					"$(inherited)",
					"@executable_path/Frameworks",
					"@loader_path/Frameworks",
				);
				PRODUCT_BUNDLE_IDENTIFIER = "lc.Runtime---Tests";
				PRODUCT_NAME = "$(TARGET_NAME)";
				TARGETED_DEVICE_FAMILY = "1,2";
				TEST_HOST = "$(BUILT_PRODUCTS_DIR)/Runtime的使用.app/Runtime的使用";
			};
			name = Release;
		};
		41BCA90521E433E600F7FC7B /* Debug */ = {
			isa = XCBuildConfiguration;
			baseConfigurationReference = 362E704A3A528C13F1C80B06 /* Pods-Runtime的使用UITests.debug.xcconfig */;
			buildSettings = {
				CODE_SIGN_STYLE = Automatic;
				INFOPLIST_FILE = "Runtime的使用UITests/Info.plist";
				LD_RUNPATH_SEARCH_PATHS = (
					"$(inherited)",
					"@executable_path/Frameworks",
					"@loader_path/Frameworks",
				);
				PRODUCT_BUNDLE_IDENTIFIER = "lc.Runtime---UITests";
				PRODUCT_NAME = "$(TARGET_NAME)";
				TARGETED_DEVICE_FAMILY = "1,2";
				TEST_TARGET_NAME = "Runtime的使用";
			};
			name = Debug;
		};
		41BCA90621E433E600F7FC7B /* Release */ = {
			isa = XCBuildConfiguration;
			baseConfigurationReference = 24AE752EE5A30B53EFE2AE26 /* Pods-Runtime的使用UITests.release.xcconfig */;
			buildSettings = {
				CODE_SIGN_STYLE = Automatic;
				INFOPLIST_FILE = "Runtime的使用UITests/Info.plist";
				LD_RUNPATH_SEARCH_PATHS = (
					"$(inherited)",
					"@executable_path/Frameworks",
					"@loader_path/Frameworks",
				);
				PRODUCT_BUNDLE_IDENTIFIER = "lc.Runtime---UITests";
				PRODUCT_NAME = "$(TARGET_NAME)";
				TARGETED_DEVICE_FAMILY = "1,2";
				TEST_TARGET_NAME = "Runtime的使用";
			};
			name = Release;
		};
/* End XCBuildConfiguration section */

/* Begin XCConfigurationList section */
		41BCA8CD21E433E400F7FC7B /* Build configuration list for PBXProject "Runtime的使用" */ = {
			isa = XCConfigurationList;
			buildConfigurations = (
				41BCA8FC21E433E600F7FC7B /* Debug */,
				41BCA8FD21E433E600F7FC7B /* Release */,
			);
			defaultConfigurationIsVisible = 0;
			defaultConfigurationName = Release;
		};
		41BCA8FE21E433E600F7FC7B /* Build configuration list for PBXNativeTarget "Runtime的使用" */ = {
			isa = XCConfigurationList;
			buildConfigurations = (
				41BCA8FF21E433E600F7FC7B /* Debug */,
				41BCA90021E433E600F7FC7B /* Release */,
			);
			defaultConfigurationIsVisible = 0;
			defaultConfigurationName = Release;
		};
		41BCA90121E433E600F7FC7B /* Build configuration list for PBXNativeTarget "Runtime的使用Tests" */ = {
			isa = XCConfigurationList;
			buildConfigurations = (
				41BCA90221E433E600F7FC7B /* Debug */,
				41BCA90321E433E600F7FC7B /* Release */,
			);
			defaultConfigurationIsVisible = 0;
			defaultConfigurationName = Release;
		};
		41BCA90421E433E600F7FC7B /* Build configuration list for PBXNativeTarget "Runtime的使用UITests" */ = {
			isa = XCConfigurationList;
			buildConfigurations = (
				41BCA90521E433E600F7FC7B /* Debug */,
				41BCA90621E433E600F7FC7B /* Release */,
			);
			defaultConfigurationIsVisible = 0;
			defaultConfigurationName = Release;
		};
/* End XCConfigurationList section */
	};
	rootObject = 41BCA8CA21E433E400F7FC7B /* Project object */;
}
